// !$*UTF8*$!
{
	archiveVersion = 1;
	classes = {
	};
	objectVersion = 50;
	objects = {

/* Begin PBXBuildFile section */
		1E17A2B72657DB2AE5A3A234 /* libPods-BrastlewarkCensusTests.a in Frameworks */ = {isa = PBXBuildFile; fileRef = C0B0B4C9F47E5B34BCDA9FA0 /* libPods-BrastlewarkCensusTests.a */; };
		9238B6F5244B81D20018B0E5 /* AppDelegate.swift in Sources */ = {isa = PBXBuildFile; fileRef = 9238B6F4244B81D20018B0E5 /* AppDelegate.swift */; };
		9238B6F7244B81D20018B0E5 /* SceneDelegate.swift in Sources */ = {isa = PBXBuildFile; fileRef = 9238B6F6244B81D20018B0E5 /* SceneDelegate.swift */; };
		9238B6FC244B81D20018B0E5 /* Main.storyboard in Resources */ = {isa = PBXBuildFile; fileRef = 9238B6FA244B81D20018B0E5 /* Main.storyboard */; };
		9238B6FF244B81D20018B0E5 /* BrastlewarkCensus.xcdatamodeld in Sources */ = {isa = PBXBuildFile; fileRef = 9238B6FD244B81D20018B0E5 /* BrastlewarkCensus.xcdatamodeld */; };
		9238B701244B81D30018B0E5 /* Assets.xcassets in Resources */ = {isa = PBXBuildFile; fileRef = 9238B700244B81D30018B0E5 /* Assets.xcassets */; };
		9238B704244B81D30018B0E5 /* LaunchScreen.storyboard in Resources */ = {isa = PBXBuildFile; fileRef = 9238B702244B81D30018B0E5 /* LaunchScreen.storyboard */; };
		9238B70E244B828F0018B0E5 /* Gnome.swift in Sources */ = {isa = PBXBuildFile; fileRef = 9238B70D244B828F0018B0E5 /* Gnome.swift */; };
		9238B711244B916D0018B0E5 /* HomeViewController.swift in Sources */ = {isa = PBXBuildFile; fileRef = 9238B710244B916D0018B0E5 /* HomeViewController.swift */; };
		9238B714244B92FD0018B0E5 /* Service.swift in Sources */ = {isa = PBXBuildFile; fileRef = 9238B713244B92FD0018B0E5 /* Service.swift */; };
		9238B718244B959D0018B0E5 /* BrastlewarkTableViewCell.swift in Sources */ = {isa = PBXBuildFile; fileRef = 9238B716244B959D0018B0E5 /* BrastlewarkTableViewCell.swift */; };
		9238B71B244B9CA60018B0E5 /* Gnomes.swift in Sources */ = {isa = PBXBuildFile; fileRef = 9238B71A244B9CA60018B0E5 /* Gnomes.swift */; };
		9238B71D244BACEF0018B0E5 /* BrastlewarkTableViewCell.xib in Resources */ = {isa = PBXBuildFile; fileRef = 9238B71C244BACEF0018B0E5 /* BrastlewarkTableViewCell.xib */; };
		9238B720244BB5D00018B0E5 /* Extensions.swift in Sources */ = {isa = PBXBuildFile; fileRef = 9238B71F244BB5D00018B0E5 /* Extensions.swift */; };
		92E158BC244BE0C1001C0B94 /* GnomeViewModel.swift in Sources */ = {isa = PBXBuildFile; fileRef = 92E158BB244BE0C1001C0B94 /* GnomeViewModel.swift */; };
		92E158C6244CFE77001C0B94 /* BrastlewarkCensusTests.swift in Sources */ = {isa = PBXBuildFile; fileRef = 92E158C5244CFE77001C0B94 /* BrastlewarkCensusTests.swift */; };
		92E158D0244D0CDA001C0B94 /* FriendsCollectionViewCell.swift in Sources */ = {isa = PBXBuildFile; fileRef = 92E158CF244D0CDA001C0B94 /* FriendsCollectionViewCell.swift */; };
		92E158DE244E316A001C0B94 /* BrastlewarkCensusUITests.swift in Sources */ = {isa = PBXBuildFile; fileRef = 92E158DD244E316A001C0B94 /* BrastlewarkCensusUITests.swift */; };
		E60DFB25926AC64253867643 /* libPods-BrastlewarkCensus.a in Frameworks */ = {isa = PBXBuildFile; fileRef = 850969E59E83B440A558908B /* libPods-BrastlewarkCensus.a */; };
/* End PBXBuildFile section */

/* Begin PBXContainerItemProxy section */
		92E158C8244CFE77001C0B94 /* PBXContainerItemProxy */ = {
			isa = PBXContainerItemProxy;
			containerPortal = 9238B6E9244B81D10018B0E5 /* Project object */;
			proxyType = 1;
			remoteGlobalIDString = 9238B6F0244B81D20018B0E5;
			remoteInfo = BrastlewarkCensus;
		};
		92E158E0244E316A001C0B94 /* PBXContainerItemProxy */ = {
			isa = PBXContainerItemProxy;
			containerPortal = 9238B6E9244B81D10018B0E5 /* Project object */;
			proxyType = 1;
			remoteGlobalIDString = 9238B6F0244B81D20018B0E5;
			remoteInfo = BrastlewarkCensus;
		};
/* End PBXContainerItemProxy section */

/* Begin PBXFileReference section */
		0EDCD9F65E787519144B697A /* Pods-BrastlewarkCensusTests.debug.xcconfig */ = {isa = PBXFileReference; includeInIndex = 1; lastKnownFileType = text.xcconfig; name = "Pods-BrastlewarkCensusTests.debug.xcconfig"; path = "Target Support Files/Pods-BrastlewarkCensusTests/Pods-BrastlewarkCensusTests.debug.xcconfig"; sourceTree = "<group>"; };
		35EC0F634B5E7BB9D8DF8ECD /* Pods-BrastlewarkCensusTests.release.xcconfig */ = {isa = PBXFileReference; includeInIndex = 1; lastKnownFileType = text.xcconfig; name = "Pods-BrastlewarkCensusTests.release.xcconfig"; path = "Target Support Files/Pods-BrastlewarkCensusTests/Pods-BrastlewarkCensusTests.release.xcconfig"; sourceTree = "<group>"; };
		59542BD2DC7315745BC79559 /* Pods-BrastlewarkCensus.debug.xcconfig */ = {isa = PBXFileReference; includeInIndex = 1; lastKnownFileType = text.xcconfig; name = "Pods-BrastlewarkCensus.debug.xcconfig"; path = "Target Support Files/Pods-BrastlewarkCensus/Pods-BrastlewarkCensus.debug.xcconfig"; sourceTree = "<group>"; };
		850969E59E83B440A558908B /* libPods-BrastlewarkCensus.a */ = {isa = PBXFileReference; explicitFileType = archive.ar; includeInIndex = 0; path = "libPods-BrastlewarkCensus.a"; sourceTree = BUILT_PRODUCTS_DIR; };
		9238B6F1244B81D20018B0E5 /* BrastlewarkCensus.app */ = {isa = PBXFileReference; explicitFileType = wrapper.application; includeInIndex = 0; path = BrastlewarkCensus.app; sourceTree = BUILT_PRODUCTS_DIR; };
		9238B6F4244B81D20018B0E5 /* AppDelegate.swift */ = {isa = PBXFileReference; lastKnownFileType = sourcecode.swift; path = AppDelegate.swift; sourceTree = "<group>"; };
		9238B6F6244B81D20018B0E5 /* SceneDelegate.swift */ = {isa = PBXFileReference; lastKnownFileType = sourcecode.swift; path = SceneDelegate.swift; sourceTree = "<group>"; };
		9238B6FB244B81D20018B0E5 /* Base */ = {isa = PBXFileReference; lastKnownFileType = file.storyboard; name = Base; path = Base.lproj/Main.storyboard; sourceTree = "<group>"; };
		9238B6FE244B81D20018B0E5 /* BrastlewarkCensus.xcdatamodel */ = {isa = PBXFileReference; lastKnownFileType = wrapper.xcdatamodel; path = BrastlewarkCensus.xcdatamodel; sourceTree = "<group>"; };
		9238B700244B81D30018B0E5 /* Assets.xcassets */ = {isa = PBXFileReference; lastKnownFileType = folder.assetcatalog; path = Assets.xcassets; sourceTree = "<group>"; };
		9238B703244B81D30018B0E5 /* Base */ = {isa = PBXFileReference; lastKnownFileType = file.storyboard; name = Base; path = Base.lproj/LaunchScreen.storyboard; sourceTree = "<group>"; };
		9238B705244B81D30018B0E5 /* Info.plist */ = {isa = PBXFileReference; lastKnownFileType = text.plist.xml; path = Info.plist; sourceTree = "<group>"; };
		9238B70D244B828F0018B0E5 /* Gnome.swift */ = {isa = PBXFileReference; lastKnownFileType = sourcecode.swift; path = Gnome.swift; sourceTree = "<group>"; };
		9238B710244B916D0018B0E5 /* HomeViewController.swift */ = {isa = PBXFileReference; lastKnownFileType = sourcecode.swift; path = HomeViewController.swift; sourceTree = "<group>"; };
		9238B713244B92FD0018B0E5 /* Service.swift */ = {isa = PBXFileReference; lastKnownFileType = sourcecode.swift; path = Service.swift; sourceTree = "<group>"; };
		9238B716244B959D0018B0E5 /* BrastlewarkTableViewCell.swift */ = {isa = PBXFileReference; lastKnownFileType = sourcecode.swift; path = BrastlewarkTableViewCell.swift; sourceTree = "<group>"; };
		9238B71A244B9CA60018B0E5 /* Gnomes.swift */ = {isa = PBXFileReference; lastKnownFileType = sourcecode.swift; path = Gnomes.swift; sourceTree = "<group>"; };
		9238B71C244BACEF0018B0E5 /* BrastlewarkTableViewCell.xib */ = {isa = PBXFileReference; lastKnownFileType = file.xib; path = BrastlewarkTableViewCell.xib; sourceTree = "<group>"; };
		9238B71F244BB5D00018B0E5 /* Extensions.swift */ = {isa = PBXFileReference; lastKnownFileType = sourcecode.swift; path = Extensions.swift; sourceTree = "<group>"; };
		92E158BB244BE0C1001C0B94 /* GnomeViewModel.swift */ = {isa = PBXFileReference; lastKnownFileType = sourcecode.swift; path = GnomeViewModel.swift; sourceTree = "<group>"; };
		92E158C3244CFE77001C0B94 /* BrastlewarkCensusTests.xctest */ = {isa = PBXFileReference; explicitFileType = wrapper.cfbundle; includeInIndex = 0; path = BrastlewarkCensusTests.xctest; sourceTree = BUILT_PRODUCTS_DIR; };
		92E158C5244CFE77001C0B94 /* BrastlewarkCensusTests.swift */ = {isa = PBXFileReference; lastKnownFileType = sourcecode.swift; path = BrastlewarkCensusTests.swift; sourceTree = "<group>"; };
		92E158C7244CFE77001C0B94 /* Info.plist */ = {isa = PBXFileReference; lastKnownFileType = text.plist.xml; path = Info.plist; sourceTree = "<group>"; };
		92E158CF244D0CDA001C0B94 /* FriendsCollectionViewCell.swift */ = {isa = PBXFileReference; lastKnownFileType = sourcecode.swift; path = FriendsCollectionViewCell.swift; sourceTree = "<group>"; };
		92E158D3244E05C4001C0B94 /* Pastel.framework */ = {isa = PBXFileReference; explicitFileType = wrapper.framework; path = Pastel.framework; sourceTree = BUILT_PRODUCTS_DIR; };
		92E158DB244E316A001C0B94 /* BrastlewarkCensusUITests.xctest */ = {isa = PBXFileReference; explicitFileType = wrapper.cfbundle; includeInIndex = 0; path = BrastlewarkCensusUITests.xctest; sourceTree = BUILT_PRODUCTS_DIR; };
		92E158DD244E316A001C0B94 /* BrastlewarkCensusUITests.swift */ = {isa = PBXFileReference; lastKnownFileType = sourcecode.swift; path = BrastlewarkCensusUITests.swift; sourceTree = "<group>"; };
		92E158DF244E316A001C0B94 /* Info.plist */ = {isa = PBXFileReference; lastKnownFileType = text.plist.xml; path = Info.plist; sourceTree = "<group>"; };
		B59BC5A669C962FA7CEE9B8D /* Pods-BrastlewarkCensus.release.xcconfig */ = {isa = PBXFileReference; includeInIndex = 1; lastKnownFileType = text.xcconfig; name = "Pods-BrastlewarkCensus.release.xcconfig"; path = "Target Support Files/Pods-BrastlewarkCensus/Pods-BrastlewarkCensus.release.xcconfig"; sourceTree = "<group>"; };
		C0B0B4C9F47E5B34BCDA9FA0 /* libPods-BrastlewarkCensusTests.a */ = {isa = PBXFileReference; explicitFileType = archive.ar; includeInIndex = 0; path = "libPods-BrastlewarkCensusTests.a"; sourceTree = BUILT_PRODUCTS_DIR; };
/* End PBXFileReference section */

/* Begin PBXFrameworksBuildPhase section */
		9238B6EE244B81D20018B0E5 /* Frameworks */ = {
			isa = PBXFrameworksBuildPhase;
			buildActionMask = 2147483647;
			files = (
				E60DFB25926AC64253867643 /* libPods-BrastlewarkCensus.a in Frameworks */,
			);
			runOnlyForDeploymentPostprocessing = 0;
		};
		92E158C0244CFE77001C0B94 /* Frameworks */ = {
			isa = PBXFrameworksBuildPhase;
			buildActionMask = 2147483647;
			files = (
				1E17A2B72657DB2AE5A3A234 /* libPods-BrastlewarkCensusTests.a in Frameworks */,
			);
			runOnlyForDeploymentPostprocessing = 0;
		};
		92E158D8244E316A001C0B94 /* Frameworks */ = {
			isa = PBXFrameworksBuildPhase;
			buildActionMask = 2147483647;
			files = (
			);
			runOnlyForDeploymentPostprocessing = 0;
		};
/* End PBXFrameworksBuildPhase section */

/* Begin PBXGroup section */
		2DA59D8ABFC2941499D50E25 /* Frameworks */ = {
			isa = PBXGroup;
			children = (
				92E158D3244E05C4001C0B94 /* Pastel.framework */,
				850969E59E83B440A558908B /* libPods-BrastlewarkCensus.a */,
				C0B0B4C9F47E5B34BCDA9FA0 /* libPods-BrastlewarkCensusTests.a */,
			);
			name = Frameworks;
			sourceTree = "<group>";
		};
		9238B6E8244B81D10018B0E5 = {
			isa = PBXGroup;
			children = (
				9238B71E244BB5C30018B0E5 /* Extension */,
				9238B715244B95770018B0E5 /* Views */,
				9238B712244B92F30018B0E5 /* Service */,
				9238B70F244B914F0018B0E5 /* ViewController */,
				9238B70C244B826B0018B0E5 /* Model */,
				9238B70B244B81F60018B0E5 /* ViewModel */,
				9238B6F3244B81D20018B0E5 /* BrastlewarkCensus */,
				92E158C4244CFE77001C0B94 /* BrastlewarkCensusTests */,
				92E158DC244E316A001C0B94 /* BrastlewarkCensusUITests */,
				9238B6F2244B81D20018B0E5 /* Products */,
				9D7F4FEF699C52DEA337FBB9 /* Pods */,
				2DA59D8ABFC2941499D50E25 /* Frameworks */,
			);
			sourceTree = "<group>";
		};
		9238B6F2244B81D20018B0E5 /* Products */ = {
			isa = PBXGroup;
			children = (
				9238B6F1244B81D20018B0E5 /* BrastlewarkCensus.app */,
				92E158C3244CFE77001C0B94 /* BrastlewarkCensusTests.xctest */,
				92E158DB244E316A001C0B94 /* BrastlewarkCensusUITests.xctest */,
			);
			name = Products;
			sourceTree = "<group>";
		};
		9238B6F3244B81D20018B0E5 /* BrastlewarkCensus */ = {
			isa = PBXGroup;
			children = (
				9238B6F4244B81D20018B0E5 /* AppDelegate.swift */,
				9238B6F6244B81D20018B0E5 /* SceneDelegate.swift */,
				9238B6FA244B81D20018B0E5 /* Main.storyboard */,
				9238B700244B81D30018B0E5 /* Assets.xcassets */,
				9238B702244B81D30018B0E5 /* LaunchScreen.storyboard */,
				9238B705244B81D30018B0E5 /* Info.plist */,
				9238B6FD244B81D20018B0E5 /* BrastlewarkCensus.xcdatamodeld */,
			);
			path = BrastlewarkCensus;
			sourceTree = "<group>";
		};
		9238B70B244B81F60018B0E5 /* ViewModel */ = {
			isa = PBXGroup;
			children = (
				92E158BB244BE0C1001C0B94 /* GnomeViewModel.swift */,
			);
			path = ViewModel;
			sourceTree = "<group>";
		};
		9238B70C244B826B0018B0E5 /* Model */ = {
			isa = PBXGroup;
			children = (
				9238B70D244B828F0018B0E5 /* Gnome.swift */,
				9238B71A244B9CA60018B0E5 /* Gnomes.swift */,
			);
			path = Model;
			sourceTree = "<group>";
		};
		9238B70F244B914F0018B0E5 /* ViewController */ = {
			isa = PBXGroup;
			children = (
				9238B710244B916D0018B0E5 /* HomeViewController.swift */,
			);
			path = ViewController;
			sourceTree = "<group>";
		};
		9238B712244B92F30018B0E5 /* Service */ = {
			isa = PBXGroup;
			children = (
				9238B713244B92FD0018B0E5 /* Service.swift */,
			);
			path = Service;
			sourceTree = "<group>";
		};
		9238B715244B95770018B0E5 /* Views */ = {
			isa = PBXGroup;
			children = (
				92E158CF244D0CDA001C0B94 /* FriendsCollectionViewCell.swift */,
				9238B716244B959D0018B0E5 /* BrastlewarkTableViewCell.swift */,
				9238B71C244BACEF0018B0E5 /* BrastlewarkTableViewCell.xib */,
			);
			path = Views;
			sourceTree = "<group>";
		};
		9238B71E244BB5C30018B0E5 /* Extension */ = {
			isa = PBXGroup;
			children = (
				9238B71F244BB5D00018B0E5 /* Extensions.swift */,
			);
			path = Extension;
			sourceTree = "<group>";
		};
		92E158C4244CFE77001C0B94 /* BrastlewarkCensusTests */ = {
			isa = PBXGroup;
			children = (
				92E158C5244CFE77001C0B94 /* BrastlewarkCensusTests.swift */,
				92E158C7244CFE77001C0B94 /* Info.plist */,
			);
			path = BrastlewarkCensusTests;
			sourceTree = "<group>";
		};
		92E158DC244E316A001C0B94 /* BrastlewarkCensusUITests */ = {
			isa = PBXGroup;
			children = (
				92E158DD244E316A001C0B94 /* BrastlewarkCensusUITests.swift */,
				92E158DF244E316A001C0B94 /* Info.plist */,
			);
			path = BrastlewarkCensusUITests;
			sourceTree = "<group>";
		};
		9D7F4FEF699C52DEA337FBB9 /* Pods */ = {
			isa = PBXGroup;
			children = (
				59542BD2DC7315745BC79559 /* Pods-BrastlewarkCensus.debug.xcconfig */,
				B59BC5A669C962FA7CEE9B8D /* Pods-BrastlewarkCensus.release.xcconfig */,
				0EDCD9F65E787519144B697A /* Pods-BrastlewarkCensusTests.debug.xcconfig */,
				35EC0F634B5E7BB9D8DF8ECD /* Pods-BrastlewarkCensusTests.release.xcconfig */,
			);
			path = Pods;
			sourceTree = "<group>";
		};
/* End PBXGroup section */

/* Begin PBXNativeTarget section */
		9238B6F0244B81D20018B0E5 /* BrastlewarkCensus */ = {
			isa = PBXNativeTarget;
			buildConfigurationList = 9238B708244B81D30018B0E5 /* Build configuration list for PBXNativeTarget "BrastlewarkCensus" */;
			buildPhases = (
				8D0644D11F6DCEF0DF192E31 /* [CP] Check Pods Manifest.lock */,
				9238B6ED244B81D20018B0E5 /* Sources */,
				9238B6EE244B81D20018B0E5 /* Frameworks */,
				9238B6EF244B81D20018B0E5 /* Resources */,
			);
			buildRules = (
			);
			dependencies = (
			);
			name = BrastlewarkCensus;
			productName = BrastlewarkCensus;
			productReference = 9238B6F1244B81D20018B0E5 /* BrastlewarkCensus.app */;
			productType = "com.apple.product-type.application";
		};
		92E158C2244CFE77001C0B94 /* BrastlewarkCensusTests */ = {
			isa = PBXNativeTarget;
			buildConfigurationList = 92E158CA244CFE77001C0B94 /* Build configuration list for PBXNativeTarget "BrastlewarkCensusTests" */;
			buildPhases = (
				39B49EC2A30884AE59A0BFB3 /* [CP] Check Pods Manifest.lock */,
				92E158BF244CFE77001C0B94 /* Sources */,
				92E158C0244CFE77001C0B94 /* Frameworks */,
				92E158C1244CFE77001C0B94 /* Resources */,
			);
			buildRules = (
			);
			dependencies = (
				92E158C9244CFE77001C0B94 /* PBXTargetDependency */,
			);
			name = BrastlewarkCensusTests;
			productName = BrastlewarkCensusTests;
			productReference = 92E158C3244CFE77001C0B94 /* BrastlewarkCensusTests.xctest */;
			productType = "com.apple.product-type.bundle.unit-test";
		};
		92E158DA244E316A001C0B94 /* BrastlewarkCensusUITests */ = {
			isa = PBXNativeTarget;
			buildConfigurationList = 92E158E4244E316A001C0B94 /* Build configuration list for PBXNativeTarget "BrastlewarkCensusUITests" */;
			buildPhases = (
				92E158D7244E316A001C0B94 /* Sources */,
				92E158D8244E316A001C0B94 /* Frameworks */,
				92E158D9244E316A001C0B94 /* Resources */,
			);
			buildRules = (
			);
			dependencies = (
				92E158E1244E316A001C0B94 /* PBXTargetDependency */,
			);
			name = BrastlewarkCensusUITests;
			productName = BrastlewarkCensusUITests;
			productReference = 92E158DB244E316A001C0B94 /* BrastlewarkCensusUITests.xctest */;
			productType = "com.apple.product-type.bundle.ui-testing";
		};
/* End PBXNativeTarget section */

/* Begin PBXProject section */
		9238B6E9244B81D10018B0E5 /* Project object */ = {
			isa = PBXProject;
			attributes = {
				LastSwiftUpdateCheck = 1140;
				LastUpgradeCheck = 1140;
				ORGANIZATIONNAME = jorge;
				TargetAttributes = {
					9238B6F0244B81D20018B0E5 = {
						CreatedOnToolsVersion = 11.4.1;
					};
					92E158C2244CFE77001C0B94 = {
						CreatedOnToolsVersion = 11.4.1;
						TestTargetID = 9238B6F0244B81D20018B0E5;
					};
					92E158DA244E316A001C0B94 = {
						CreatedOnToolsVersion = 11.4.1;
						TestTargetID = 9238B6F0244B81D20018B0E5;
					};
				};
			};
			buildConfigurationList = 9238B6EC244B81D10018B0E5 /* Build configuration list for PBXProject "BrastlewarkCensus" */;
			compatibilityVersion = "Xcode 9.3";
			developmentRegion = en;
			hasScannedForEncodings = 0;
			knownRegions = (
				en,
				Base,
			);
			mainGroup = 9238B6E8244B81D10018B0E5;
			productRefGroup = 9238B6F2244B81D20018B0E5 /* Products */;
			projectDirPath = "";
			projectRoot = "";
			targets = (
				9238B6F0244B81D20018B0E5 /* BrastlewarkCensus */,
				92E158C2244CFE77001C0B94 /* BrastlewarkCensusTests */,
				92E158DA244E316A001C0B94 /* BrastlewarkCensusUITests */,
			);
		};
/* End PBXProject section */

/* Begin PBXResourcesBuildPhase section */
		9238B6EF244B81D20018B0E5 /* Resources */ = {
			isa = PBXResourcesBuildPhase;
			buildActionMask = 2147483647;
			files = (
				9238B704244B81D30018B0E5 /* LaunchScreen.storyboard in Resources */,
				9238B701244B81D30018B0E5 /* Assets.xcassets in Resources */,
				9238B71D244BACEF0018B0E5 /* BrastlewarkTableViewCell.xib in Resources */,
				9238B6FC244B81D20018B0E5 /* Main.storyboard in Resources */,
			);
			runOnlyForDeploymentPostprocessing = 0;
		};
		92E158C1244CFE77001C0B94 /* Resources */ = {
			isa = PBXResourcesBuildPhase;
			buildActionMask = 2147483647;
			files = (
			);
			runOnlyForDeploymentPostprocessing = 0;
		};
		92E158D9244E316A001C0B94 /* Resources */ = {
			isa = PBXResourcesBuildPhase;
			buildActionMask = 2147483647;
			files = (
			);
			runOnlyForDeploymentPostprocessing = 0;
		};
/* End PBXResourcesBuildPhase section */

/* Begin PBXShellScriptBuildPhase section */
		39B49EC2A30884AE59A0BFB3 /* [CP] Check Pods Manifest.lock */ = {
			isa = PBXShellScriptBuildPhase;
			buildActionMask = 2147483647;
			files = (
			);
			inputFileListPaths = (
			);
			inputPaths = (
				"${PODS_PODFILE_DIR_PATH}/Podfile.lock",
				"${PODS_ROOT}/Manifest.lock",
			);
			name = "[CP] Check Pods Manifest.lock";
			outputFileListPaths = (
			);
			outputPaths = (
				"$(DERIVED_FILE_DIR)/Pods-BrastlewarkCensusTests-checkManifestLockResult.txt",
			);
			runOnlyForDeploymentPostprocessing = 0;
			shellPath = /bin/sh;
			shellScript = "diff \"${PODS_PODFILE_DIR_PATH}/Podfile.lock\" \"${PODS_ROOT}/Manifest.lock\" > /dev/null\nif [ $? != 0 ] ; then\n    # print error to STDERR\n    echo \"error: The sandbox is not in sync with the Podfile.lock. Run 'pod install' or update your CocoaPods installation.\" >&2\n    exit 1\nfi\n# This output is used by Xcode 'outputs' to avoid re-running this script phase.\necho \"SUCCESS\" > \"${SCRIPT_OUTPUT_FILE_0}\"\n";
			showEnvVarsInLog = 0;
		};
		8D0644D11F6DCEF0DF192E31 /* [CP] Check Pods Manifest.lock */ = {
			isa = PBXShellScriptBuildPhase;
			buildActionMask = 2147483647;
			files = (
			);
			inputFileListPaths = (
			);
			inputPaths = (
				"${PODS_PODFILE_DIR_PATH}/Podfile.lock",
				"${PODS_ROOT}/Manifest.lock",
			);
			name = "[CP] Check Pods Manifest.lock";
			outputFileListPaths = (
			);
			outputPaths = (
				"$(DERIVED_FILE_DIR)/Pods-BrastlewarkCensus-checkManifestLockResult.txt",
			);
			runOnlyForDeploymentPostprocessing = 0;
			shellPath = /bin/sh;
			shellScript = "diff \"${PODS_PODFILE_DIR_PATH}/Podfile.lock\" \"${PODS_ROOT}/Manifest.lock\" > /dev/null\nif [ $? != 0 ] ; then\n    # print error to STDERR\n    echo \"error: The sandbox is not in sync with the Podfile.lock. Run 'pod install' or update your CocoaPods installation.\" >&2\n    exit 1\nfi\n# This output is used by Xcode 'outputs' to avoid re-running this script phase.\necho \"SUCCESS\" > \"${SCRIPT_OUTPUT_FILE_0}\"\n";
			showEnvVarsInLog = 0;
		};
/* End PBXShellScriptBuildPhase section */

/* Begin PBXSourcesBuildPhase section */
		9238B6ED244B81D20018B0E5 /* Sources */ = {
			isa = PBXSourcesBuildPhase;
			buildActionMask = 2147483647;
			files = (
				9238B711244B916D0018B0E5 /* HomeViewController.swift in Sources */,
				92E158BC244BE0C1001C0B94 /* GnomeViewModel.swift in Sources */,
				9238B6FF244B81D20018B0E5 /* BrastlewarkCensus.xcdatamodeld in Sources */,
				9238B71B244B9CA60018B0E5 /* Gnomes.swift in Sources */,
				92E158D0244D0CDA001C0B94 /* FriendsCollectionViewCell.swift in Sources */,
				9238B70E244B828F0018B0E5 /* Gnome.swift in Sources */,
				9238B6F5244B81D20018B0E5 /* AppDelegate.swift in Sources */,
				9238B718244B959D0018B0E5 /* BrastlewarkTableViewCell.swift in Sources */,
				9238B6F7244B81D20018B0E5 /* SceneDelegate.swift in Sources */,
				9238B720244BB5D00018B0E5 /* Extensions.swift in Sources */,
				9238B714244B92FD0018B0E5 /* Service.swift in Sources */,
			);
			runOnlyForDeploymentPostprocessing = 0;
		};
		92E158BF244CFE77001C0B94 /* Sources */ = {
			isa = PBXSourcesBuildPhase;
			buildActionMask = 2147483647;
			files = (
				92E158C6244CFE77001C0B94 /* BrastlewarkCensusTests.swift in Sources */,
			);
			runOnlyForDeploymentPostprocessing = 0;
		};
		92E158D7244E316A001C0B94 /* Sources */ = {
			isa = PBXSourcesBuildPhase;
			buildActionMask = 2147483647;
			files = (
				92E158DE244E316A001C0B94 /* BrastlewarkCensusUITests.swift in Sources */,
			);
			runOnlyForDeploymentPostprocessing = 0;
		};
/* End PBXSourcesBuildPhase section */

/* Begin PBXTargetDependency section */
		92E158C9244CFE77001C0B94 /* PBXTargetDependency */ = {
			isa = PBXTargetDependency;
			target = 9238B6F0244B81D20018B0E5 /* BrastlewarkCensus */;
			targetProxy = 92E158C8244CFE77001C0B94 /* PBXContainerItemProxy */;
		};
		92E158E1244E316A001C0B94 /* PBXTargetDependency */ = {
			isa = PBXTargetDependency;
			target = 9238B6F0244B81D20018B0E5 /* BrastlewarkCensus */;
			targetProxy = 92E158E0244E316A001C0B94 /* PBXContainerItemProxy */;
		};
/* End PBXTargetDependency section */

/* Begin PBXVariantGroup section */
		9238B6FA244B81D20018B0E5 /* Main.storyboard */ = {
			isa = PBXVariantGroup;
			children = (
				9238B6FB244B81D20018B0E5 /* Base */,
			);
			name = Main.storyboard;
			sourceTree = "<group>";
		};
		9238B702244B81D30018B0E5 /* LaunchScreen.storyboard */ = {
			isa = PBXVariantGroup;
			children = (
				9238B703244B81D30018B0E5 /* Base */,
			);
			name = LaunchScreen.storyboard;
			sourceTree = "<group>";
		};
/* End PBXVariantGroup section */

/* Begin XCBuildConfiguration section */
		9238B706244B81D30018B0E5 /* Debug */ = {
			isa = XCBuildConfiguration;
			buildSettings = {
				ALWAYS_SEARCH_USER_PATHS = NO;
				CLANG_ANALYZER_NONNULL = YES;
				CLANG_ANALYZER_NUMBER_OBJECT_CONVERSION = YES_AGGRESSIVE;
				CLANG_CXX_LANGUAGE_STANDARD = "gnu++14";
				CLANG_CXX_LIBRARY = "libc++";
				CLANG_ENABLE_MODULES = YES;
				CLANG_ENABLE_OBJC_ARC = YES;
				CLANG_ENABLE_OBJC_WEAK = YES;
				CLANG_WARN_BLOCK_CAPTURE_AUTORELEASING = YES;
				CLANG_WARN_BOOL_CONVERSION = YES;
				CLANG_WARN_COMMA = YES;
				CLANG_WARN_CONSTANT_CONVERSION = YES;
				CLANG_WARN_DEPRECATED_OBJC_IMPLEMENTATIONS = YES;
				CLANG_WARN_DIRECT_OBJC_ISA_USAGE = YES_ERROR;
				CLANG_WARN_DOCUMENTATION_COMMENTS = YES;
				CLANG_WARN_EMPTY_BODY = YES;
				CLANG_WARN_ENUM_CONVERSION = YES;
				CLANG_WARN_INFINITE_RECURSION = YES;
				CLANG_WARN_INT_CONVERSION = YES;
				CLANG_WARN_NON_LITERAL_NULL_CONVERSION = YES;
				CLANG_WARN_OBJC_IMPLICIT_RETAIN_SELF = YES;
				CLANG_WARN_OBJC_LITERAL_CONVERSION = YES;
				CLANG_WARN_OBJC_ROOT_CLASS = YES_ERROR;
				CLANG_WARN_RANGE_LOOP_ANALYSIS = YES;
				CLANG_WARN_STRICT_PROTOTYPES = YES;
				CLANG_WARN_SUSPICIOUS_MOVE = YES;
				CLANG_WARN_UNGUARDED_AVAILABILITY = YES_AGGRESSIVE;
				CLANG_WARN_UNREACHABLE_CODE = YES;
				CLANG_WARN__DUPLICATE_METHOD_MATCH = YES;
				COPY_PHASE_STRIP = NO;
				DEBUG_INFORMATION_FORMAT = dwarf;
				ENABLE_STRICT_OBJC_MSGSEND = YES;
				ENABLE_TESTABILITY = YES;
				GCC_C_LANGUAGE_STANDARD = gnu11;
				GCC_DYNAMIC_NO_PIC = NO;
				GCC_NO_COMMON_BLOCKS = YES;
				GCC_OPTIMIZATION_LEVEL = 0;
				GCC_PREPROCESSOR_DEFINITIONS = (
					"DEBUG=1",
					"$(inherited)",
				);
				GCC_WARN_64_TO_32_BIT_CONVERSION = YES;
				GCC_WARN_ABOUT_RETURN_TYPE = YES_ERROR;
				GCC_WARN_UNDECLARED_SELECTOR = YES;
				GCC_WARN_UNINITIALIZED_AUTOS = YES_AGGRESSIVE;
				GCC_WARN_UNUSED_FUNCTION = YES;
				GCC_WARN_UNUSED_VARIABLE = YES;
				IPHONEOS_DEPLOYMENT_TARGET = 13.4;
				MTL_ENABLE_DEBUG_INFO = INCLUDE_SOURCE;
				MTL_FAST_MATH = YES;
				ONLY_ACTIVE_ARCH = YES;
				SDKROOT = iphoneos;
				SWIFT_ACTIVE_COMPILATION_CONDITIONS = DEBUG;
				SWIFT_OPTIMIZATION_LEVEL = "-Onone";
			};
			name = Debug;
		};
		9238B707244B81D30018B0E5 /* Release */ = {
			isa = XCBuildConfiguration;
			buildSettings = {
				ALWAYS_SEARCH_USER_PATHS = NO;
				CLANG_ANALYZER_NONNULL = YES;
				CLANG_ANALYZER_NUMBER_OBJECT_CONVERSION = YES_AGGRESSIVE;
				CLANG_CXX_LANGUAGE_STANDARD = "gnu++14";
				CLANG_CXX_LIBRARY = "libc++";
				CLANG_ENABLE_MODULES = YES;
				CLANG_ENABLE_OBJC_ARC = YES;
				CLANG_ENABLE_OBJC_WEAK = YES;
				CLANG_WARN_BLOCK_CAPTURE_AUTORELEASING = YES;
				CLANG_WARN_BOOL_CONVERSION = YES;
				CLANG_WARN_COMMA = YES;
				CLANG_WARN_CONSTANT_CONVERSION = YES;
				CLANG_WARN_DEPRECATED_OBJC_IMPLEMENTATIONS = YES;
				CLANG_WARN_DIRECT_OBJC_ISA_USAGE = YES_ERROR;
				CLANG_WARN_DOCUMENTATION_COMMENTS = YES;
				CLANG_WARN_EMPTY_BODY = YES;
				CLANG_WARN_ENUM_CONVERSION = YES;
				CLANG_WARN_INFINITE_RECURSION = YES;
				CLANG_WARN_INT_CONVERSION = YES;
				CLANG_WARN_NON_LITERAL_NULL_CONVERSION = YES;
				CLANG_WARN_OBJC_IMPLICIT_RETAIN_SELF = YES;
				CLANG_WARN_OBJC_LITERAL_CONVERSION = YES;
				CLANG_WARN_OBJC_ROOT_CLASS = YES_ERROR;
				CLANG_WARN_RANGE_LOOP_ANALYSIS = YES;
				CLANG_WARN_STRICT_PROTOTYPES = YES;
				CLANG_WARN_SUSPICIOUS_MOVE = YES;
				CLANG_WARN_UNGUARDED_AVAILABILITY = YES_AGGRESSIVE;
				CLANG_WARN_UNREACHABLE_CODE = YES;
				CLANG_WARN__DUPLICATE_METHOD_MATCH = YES;
				COPY_PHASE_STRIP = NO;
				DEBUG_INFORMATION_FORMAT = "dwarf-with-dsym";
				ENABLE_NS_ASSERTIONS = NO;
				ENABLE_STRICT_OBJC_MSGSEND = YES;
				GCC_C_LANGUAGE_STANDARD = gnu11;
				GCC_NO_COMMON_BLOCKS = YES;
				GCC_WARN_64_TO_32_BIT_CONVERSION = YES;
				GCC_WARN_ABOUT_RETURN_TYPE = YES_ERROR;
				GCC_WARN_UNDECLARED_SELECTOR = YES;
				GCC_WARN_UNINITIALIZED_AUTOS = YES_AGGRESSIVE;
				GCC_WARN_UNUSED_FUNCTION = YES;
				GCC_WARN_UNUSED_VARIABLE = YES;
				IPHONEOS_DEPLOYMENT_TARGET = 13.4;
				MTL_ENABLE_DEBUG_INFO = NO;
				MTL_FAST_MATH = YES;
				SDKROOT = iphoneos;
				SWIFT_COMPILATION_MODE = wholemodule;
				SWIFT_OPTIMIZATION_LEVEL = "-O";
				VALIDATE_PRODUCT = YES;
			};
			name = Release;
		};
		9238B709244B81D30018B0E5 /* Debug */ = {
			isa = XCBuildConfiguration;
			baseConfigurationReference = 59542BD2DC7315745BC79559 /* Pods-BrastlewarkCensus.debug.xcconfig */;
			buildSettings = {
				ASSETCATALOG_COMPILER_APPICON_NAME = AppIcon;
				CODE_SIGN_IDENTITY = "Apple Development";
				CODE_SIGN_STYLE = Automatic;
				DEVELOPMENT_TEAM = 33H2C8Y4G7;
				INFOPLIST_FILE = BrastlewarkCensus/Info.plist;
				IPHONEOS_DEPLOYMENT_TARGET = 13.3;
				LD_RUNPATH_SEARCH_PATHS = (
					"$(inherited)",
					"@executable_path/Frameworks",
				);
				PRODUCT_BUNDLE_IDENTIFIER = testKavak.Brastlewark;
				PRODUCT_NAME = "$(TARGET_NAME)";
				PROVISIONING_PROFILE_SPECIFIER = "";
				SWIFT_VERSION = 5.0;
				TARGETED_DEVICE_FAMILY = "1,2";
			};
			name = Debug;
		};
		9238B70A244B81D30018B0E5 /* Release */ = {
			isa = XCBuildConfiguration;
			baseConfigurationReference = B59BC5A669C962FA7CEE9B8D /* Pods-BrastlewarkCensus.release.xcconfig */;
			buildSettings = {
				ASSETCATALOG_COMPILER_APPICON_NAME = AppIcon;
				CODE_SIGN_IDENTITY = "Apple Development";
				CODE_SIGN_STYLE = Automatic;
				DEVELOPMENT_TEAM = 33H2C8Y4G7;
				INFOPLIST_FILE = BrastlewarkCensus/Info.plist;
				IPHONEOS_DEPLOYMENT_TARGET = 13.3;
				LD_RUNPATH_SEARCH_PATHS = (
					"$(inherited)",
					"@executable_path/Frameworks",
				);
				PRODUCT_BUNDLE_IDENTIFIER = testKavak.Brastlewark;
				PRODUCT_NAME = "$(TARGET_NAME)";
				PROVISIONING_PROFILE_SPECIFIER = "";
				SWIFT_VERSION = 5.0;
				TARGETED_DEVICE_FAMILY = "1,2";
			};
			name = Release;
		};
		92E158CB244CFE77001C0B94 /* Debug */ = {
			isa = XCBuildConfiguration;
			baseConfigurationReference = 0EDCD9F65E787519144B697A /* Pods-BrastlewarkCensusTests.debug.xcconfig */;
			buildSettings = {
				BUNDLE_LOADER = "$(TEST_HOST)";
				CODE_SIGN_STYLE = Automatic;
				DEVELOPMENT_TEAM = 33H2C8Y4G7;
				INFOPLIST_FILE = BrastlewarkCensusTests/Info.plist;
				LD_RUNPATH_SEARCH_PATHS = (
					"$(inherited)",
					"@executable_path/Frameworks",
					"@loader_path/Frameworks",
				);
				PRODUCT_BUNDLE_IDENTIFIER = testKavak.BrastlewarkCensusTests;
				PRODUCT_NAME = "$(TARGET_NAME)";
				SWIFT_VERSION = 5.0;
				TARGETED_DEVICE_FAMILY = "1,2";
				TEST_HOST = "$(BUILT_PRODUCTS_DIR)/BrastlewarkCensus.app/BrastlewarkCensus";
			};
			name = Debug;
		};
		92E158CC244CFE77001C0B94 /* Release */ = {
			isa = XCBuildConfiguration;
			baseConfigurationReference = 35EC0F634B5E7BB9D8DF8ECD /* Pods-BrastlewarkCensusTests.release.xcconfig */;
			buildSettings = {
				BUNDLE_LOADER = "$(TEST_HOST)";
				CODE_SIGN_STYLE = Automatic;
				DEVELOPMENT_TEAM = 33H2C8Y4G7;
				INFOPLIST_FILE = BrastlewarkCensusTests/Info.plist;
				LD_RUNPATH_SEARCH_PATHS = (
					"$(inherited)",
					"@executable_path/Frameworks",
					"@loader_path/Frameworks",
				);
				PRODUCT_BUNDLE_IDENTIFIER = testKavak.BrastlewarkCensusTests;
				PRODUCT_NAME = "$(TARGET_NAME)";
				SWIFT_VERSION = 5.0;
				TARGETED_DEVICE_FAMILY = "1,2";
				TEST_HOST = "$(BUILT_PRODUCTS_DIR)/BrastlewarkCensus.app/BrastlewarkCensus";
			};
			name = Release;
		};
		92E158E2244E316A001C0B94 /* Debug */ = {
			isa = XCBuildConfiguration;
			buildSettings = {
				CODE_SIGN_STYLE = Automatic;
				DEVELOPMENT_TEAM = 33H2C8Y4G7;
				INFOPLIST_FILE = BrastlewarkCensusUITests/Info.plist;
				LD_RUNPATH_SEARCH_PATHS = (
					"$(inherited)",
					"@executable_path/Frameworks",
					"@loader_path/Frameworks",
				);
				PRODUCT_BUNDLE_IDENTIFIER = testKavak.BrastlewarkCensusUITests;
				PRODUCT_NAME = "$(TARGET_NAME)";
				SWIFT_VERSION = 5.0;
				TARGETED_DEVICE_FAMILY = "1,2";
				TEST_TARGET_NAME = BrastlewarkCensus;
			};
			name = Debug;
		};
		92E158E3244E316A001C0B94 /* Release */ = {
			isa = XCBuildConfiguration;
			buildSettings = {
				CODE_SIGN_STYLE = Automatic;
				DEVELOPMENT_TEAM = 33H2C8Y4G7;
				INFOPLIST_FILE = BrastlewarkCensusUITests/Info.plist;
				LD_RUNPATH_SEARCH_PATHS = (
					"$(inherited)",
					"@executable_path/Frameworks",
					"@loader_path/Frameworks",
				);
				PRODUCT_BUNDLE_IDENTIFIER = testKavak.BrastlewarkCensusUITests;
				PRODUCT_NAME = "$(TARGET_NAME)";
				SWIFT_VERSION = 5.0;
				TARGETED_DEVICE_FAMILY = "1,2";
				TEST_TARGET_NAME = BrastlewarkCensus;
			};
			name = Release;
		};
/* End XCBuildConfiguration section */

/* Begin XCConfigurationList section */
		9238B6EC244B81D10018B0E5 /* Build configuration list for PBXProject "BrastlewarkCensus" */ = {
			isa = XCConfigurationList;
			buildConfigurations = (
				9238B706244B81D30018B0E5 /* Debug */,
				9238B707244B81D30018B0E5 /* Release */,
			);
			defaultConfigurationIsVisible = 0;
			defaultConfigurationName = Release;
		};
		9238B708244B81D30018B0E5 /* Build configuration list for PBXNativeTarget "BrastlewarkCensus" */ = {
			isa = XCConfigurationList;
			buildConfigurations = (
				9238B709244B81D30018B0E5 /* Debug */,
				9238B70A244B81D30018B0E5 /* Release */,
			);
			defaultConfigurationIsVisible = 0;
			defaultConfigurationName = Release;
		};
		92E158CA244CFE77001C0B94 /* Build configuration list for PBXNativeTarget "BrastlewarkCensusTests" */ = {
			isa = XCConfigurationList;
			buildConfigurations = (
				92E158CB244CFE77001C0B94 /* Debug */,
				92E158CC244CFE77001C0B94 /* Release */,
			);
			defaultConfigurationIsVisible = 0;
			defaultConfigurationName = Release;
		};
		92E158E4244E316A001C0B94 /* Build configuration list for PBXNativeTarget "BrastlewarkCensusUITests" */ = {
			isa = XCConfigurationList;
			buildConfigurations = (
				92E158E2244E316A001C0B94 /* Debug */,
				92E158E3244E316A001C0B94 /* Release */,
			);
			defaultConfigurationIsVisible = 0;
			defaultConfigurationName = Release;
		};
/* End XCConfigurationList section */

/* Begin XCVersionGroup section */
		9238B6FD244B81D20018B0E5 /* BrastlewarkCensus.xcdatamodeld */ = {
			isa = XCVersionGroup;
			children = (
				9238B6FE244B81D20018B0E5 /* BrastlewarkCensus.xcdatamodel */,
			);
			currentVersion = 9238B6FE244B81D20018B0E5 /* BrastlewarkCensus.xcdatamodel */;
			path = BrastlewarkCensus.xcdatamodeld;
			sourceTree = "<group>";
			versionGroupType = wrapper.xcdatamodel;
		};
/* End XCVersionGroup section */
	};
	rootObject = 9238B6E9244B81D10018B0E5 /* Project object */;
}
